# This file is automatically @generated by Cargo.
# It is not intended for manual editing.
version = 4

[[package]]
name = "hostd"
version = "0.1.0"
dependencies = [
 "madobe-compositor",
 "madobe-protocol",
 "madobe-telemetry",
]

[[package]]
name = "madobe-capture"
version = "0.1.0"

[[package]]
name = "madobe-compositor"
version = "0.1.0"

[[package]]
name = "madobe-encode"
version = "0.1.0"
dependencies = [
 "madobe-encode-nv-sys",
]

[[package]]
name = "madobe-encode-nv-sys"
version = "0.1.0"

[[package]]
name = "madobe-hyprland"
version = "0.1.0"
dependencies = [
 "madobe-compositor",
]

[[package]]
name = "madobe-protocol"
version = "0.1.0"

[[package]]
name = "madobe-telemetry"
version = "0.1.0"

[[package]]
name = "madobe-transport"
version = "0.1.0"
dependencies = [
 "madobe-protocol",
 "madobe-telemetry",
]

[[package]]
name = "madobectl"
version = "0.1.0"
dependencies = [
 "hostd",
 "madobe-compositor",
 "madobe-hyprland",
 "madobe-protocol",
 "madobe-telemetry",
]
